
Microsoft Visual Studio Solution File, Format Version 12.00
# Visual Studio Version 17
VisualStudioVersion = 17.1.32319.34
MinimumVisualStudioVersion = 10.0.40219.1
Project("{FAE04EC0-301F-11D3-BF4B-00C04F79EFBC}") = "zad3", "zad3.csproj", "{E588D457-66B0-4EEC-8F46-B3830C50C1DC}"
EndProject
Global
	GlobalSection(SolutionConfigurationPlatforms) = preSolution
		Debug|Any CPU = Debug|Any CPU
		Release|Any CPU = Release|Any CPU
	EndGlobalSection
	GlobalSection(ProjectConfigurationPlatforms) = postSolution
		{E588D457-66B0-4EEC-8F46-B3830C50C1DC}.Debug|Any CPU.ActiveCfg = Debug|Any CPU
		{E588D457-66B0-4EEC-8F46-B3830C50C1DC}.Debug|Any CPU.Build.0 = Debug|Any CPU
		{E588D457-66B0-4EEC-8F46-B3830C50C1DC}.Release|Any CPU.ActiveCfg = Release|Any CPU
		{E588D457-66B0-4EEC-8F46-B3830C50C1DC}.Release|Any CPU.Build.0 = Release|Any CPU
	EndGlobalSection
	GlobalSection(SolutionProperties) = preSolution
		HideSolutionNode = FALSE
	EndGlobalSection
	GlobalSection(ExtensibilityGlobals) = postSolution
		SolutionGuid = {72B8CB02-FD19-4875-A75C-9E2135528720}
	EndGlobalSection
EndGlobal
